// !$*UTF8*$!
{
	archiveVersion = 1;
	classes = {
	};
	objectVersion = 46;
	objects = {

/* Begin PBXBuildFile section */
		56441BDA1DAC30560080F48E /* AppDelegate.swift in Sources */ = {isa = PBXBuildFile; fileRef = 56441BD91DAC30560080F48E /* AppDelegate.swift */; };
		56441BDC1DAC30560080F48E /* MasterViewController.swift in Sources */ = {isa = PBXBuildFile; fileRef = 56441BDB1DAC30560080F48E /* MasterViewController.swift */; };
		56441BE11DAC30560080F48E /* Main.storyboard in Resources */ = {isa = PBXBuildFile; fileRef = 56441BDF1DAC30560080F48E /* Main.storyboard */; };
		56441BE61DAC30560080F48E /* LaunchScreen.storyboard in Resources */ = {isa = PBXBuildFile; fileRef = 56441BE41DAC30560080F48E /* LaunchScreen.storyboard */; };
		56441BF11DAC30570080F48E /* Radio_GraydonTests.swift in Sources */ = {isa = PBXBuildFile; fileRef = 56441BF01DAC30570080F48E /* Radio_GraydonTests.swift */; };
		56441BFC1DAC30570080F48E /* Radio_GraydonUITests.swift in Sources */ = {isa = PBXBuildFile; fileRef = 56441BFB1DAC30570080F48E /* Radio_GraydonUITests.swift */; };
		5646E6761DE21F38003C7CDD /* Announcement.swift in Sources */ = {isa = PBXBuildFile; fileRef = 5646E6751DE21F38003C7CDD /* Announcement.swift */; };
		566BCC841DC6602E0043FD41 /* UserNotifications.framework in Frameworks */ = {isa = PBXBuildFile; fileRef = 566BCC831DC6602E0043FD41 /* UserNotifications.framework */; };
		566BCC861DC6602E0043FD41 /* UserNotificationsUI.framework in Frameworks */ = {isa = PBXBuildFile; fileRef = 566BCC851DC6602E0043FD41 /* UserNotificationsUI.framework */; };
		566BCC891DC6602E0043FD41 /* NotificationViewController.swift in Sources */ = {isa = PBXBuildFile; fileRef = 566BCC881DC6602E0043FD41 /* NotificationViewController.swift */; };
		566BCC8C1DC6602E0043FD41 /* MainInterface.storyboard in Resources */ = {isa = PBXBuildFile; fileRef = 566BCC8A1DC6602E0043FD41 /* MainInterface.storyboard */; };
		566BCC901DC6602E0043FD41 /* Extension.appex in Embed App Extensions */ = {isa = PBXBuildFile; fileRef = 566BCC821DC6602E0043FD41 /* Extension.appex */; settings = {ATTRIBUTES = (RemoveHeadersOnCopy, ); }; };
		5670F25D1E2A8ADB00397391 /* UIImageEffects.swift in Sources */ = {isa = PBXBuildFile; fileRef = 5670F25C1E2A8ADB00397391 /* UIImageEffects.swift */; };
		56808A7B1E00C699005C8B10 /* Alamofire.framework in Frameworks */ = {isa = PBXBuildFile; fileRef = 56808A781E00C699005C8B10 /* Alamofire.framework */; };
		56808A7D1E00C699005C8B10 /* SwiftyJSON.framework in Frameworks */ = {isa = PBXBuildFile; fileRef = 56808A7A1E00C699005C8B10 /* SwiftyJSON.framework */; };
		56A3713A1E0D61DD00D9F9C6 /* DetailTableViewController.swift in Sources */ = {isa = PBXBuildFile; fileRef = 56A371391E0D61DD00D9F9C6 /* DetailTableViewController.swift */; };
		56A88B181DB10CFD00451B25 /* Images.xcassets in Resources */ = {isa = PBXBuildFile; fileRef = 56A88B171DB10CFD00451B25 /* Images.xcassets */; };
		A2314DF521B24C9C519F93AB /* Pods_Radio_Graydon.framework in Frameworks */ = {isa = PBXBuildFile; fileRef = 95F39175C10D6476A2FB6F00 /* Pods_Radio_Graydon.framework */; };
/* End PBXBuildFile section */

/* Begin PBXContainerItemProxy section */
		56441BED1DAC30570080F48E /* PBXContainerItemProxy */ = {
			isa = PBXContainerItemProxy;
			containerPortal = 56441BCE1DAC30560080F48E /* Project object */;
			proxyType = 1;
			remoteGlobalIDString = 56441BD51DAC30560080F48E;
			remoteInfo = "Radio Graydon";
		};
		56441BF81DAC30570080F48E /* PBXContainerItemProxy */ = {
			isa = PBXContainerItemProxy;
			containerPortal = 56441BCE1DAC30560080F48E /* Project object */;
			proxyType = 1;
			remoteGlobalIDString = 56441BD51DAC30560080F48E;
			remoteInfo = "Radio Graydon";
		};
		566BCC8E1DC6602E0043FD41 /* PBXContainerItemProxy */ = {
			isa = PBXContainerItemProxy;
			containerPortal = 56441BCE1DAC30560080F48E /* Project object */;
			proxyType = 1;
			remoteGlobalIDString = 566BCC811DC6602E0043FD41;
			remoteInfo = Extension;
		};
/* End PBXContainerItemProxy section */

/* Begin PBXCopyFilesBuildPhase section */
		566BCC941DC6602E0043FD41 /* Embed App Extensions */ = {
			isa = PBXCopyFilesBuildPhase;
			buildActionMask = 2147483647;
			dstPath = "";
			dstSubfolderSpec = 13;
			files = (
				566BCC901DC6602E0043FD41 /* Extension.appex in Embed App Extensions */,
			);
			name = "Embed App Extensions";
			runOnlyForDeploymentPostprocessing = 0;
		};
/* End PBXCopyFilesBuildPhase section */

/* Begin PBXFileReference section */
		56441BD61DAC30560080F48E /* Radio Graydon.app */ = {isa = PBXFileReference; explicitFileType = wrapper.application; includeInIndex = 0; path = "Radio Graydon.app"; sourceTree = BUILT_PRODUCTS_DIR; };
		56441BD91DAC30560080F48E /* AppDelegate.swift */ = {isa = PBXFileReference; lastKnownFileType = sourcecode.swift; path = AppDelegate.swift; sourceTree = "<group>"; };
		56441BDB1DAC30560080F48E /* MasterViewController.swift */ = {isa = PBXFileReference; lastKnownFileType = sourcecode.swift; path = MasterViewController.swift; sourceTree = "<group>"; };
		56441BE01DAC30560080F48E /* Base */ = {isa = PBXFileReference; lastKnownFileType = file.storyboard; name = Base; path = Base.lproj/Main.storyboard; sourceTree = "<group>"; };
		56441BE51DAC30560080F48E /* Base */ = {isa = PBXFileReference; lastKnownFileType = file.storyboard; name = Base; path = Base.lproj/LaunchScreen.storyboard; sourceTree = "<group>"; };
		56441BE71DAC30560080F48E /* Info.plist */ = {isa = PBXFileReference; lastKnownFileType = text.plist.xml; path = Info.plist; sourceTree = "<group>"; };
		56441BEC1DAC30570080F48E /* Radio GraydonTests.xctest */ = {isa = PBXFileReference; explicitFileType = wrapper.cfbundle; includeInIndex = 0; path = "Radio GraydonTests.xctest"; sourceTree = BUILT_PRODUCTS_DIR; };
		56441BF01DAC30570080F48E /* Radio_GraydonTests.swift */ = {isa = PBXFileReference; lastKnownFileType = sourcecode.swift; path = Radio_GraydonTests.swift; sourceTree = "<group>"; };
		56441BF21DAC30570080F48E /* Info.plist */ = {isa = PBXFileReference; lastKnownFileType = text.plist.xml; path = Info.plist; sourceTree = "<group>"; };
		56441BF71DAC30570080F48E /* Radio GraydonUITests.xctest */ = {isa = PBXFileReference; explicitFileType = wrapper.cfbundle; includeInIndex = 0; path = "Radio GraydonUITests.xctest"; sourceTree = BUILT_PRODUCTS_DIR; };
		56441BFB1DAC30570080F48E /* Radio_GraydonUITests.swift */ = {isa = PBXFileReference; lastKnownFileType = sourcecode.swift; path = Radio_GraydonUITests.swift; sourceTree = "<group>"; };
		56441BFD1DAC30570080F48E /* Info.plist */ = {isa = PBXFileReference; lastKnownFileType = text.plist.xml; path = Info.plist; sourceTree = "<group>"; };
		5646E6751DE21F38003C7CDD /* Announcement.swift */ = {isa = PBXFileReference; fileEncoding = 4; lastKnownFileType = sourcecode.swift; path = Announcement.swift; sourceTree = "<group>"; };
		566BCC821DC6602E0043FD41 /* Extension.appex */ = {isa = PBXFileReference; explicitFileType = "wrapper.app-extension"; includeInIndex = 0; path = Extension.appex; sourceTree = BUILT_PRODUCTS_DIR; };
		566BCC831DC6602E0043FD41 /* UserNotifications.framework */ = {isa = PBXFileReference; lastKnownFileType = wrapper.framework; name = UserNotifications.framework; path = System/Library/Frameworks/UserNotifications.framework; sourceTree = SDKROOT; };
		566BCC851DC6602E0043FD41 /* UserNotificationsUI.framework */ = {isa = PBXFileReference; lastKnownFileType = wrapper.framework; name = UserNotificationsUI.framework; path = System/Library/Frameworks/UserNotificationsUI.framework; sourceTree = SDKROOT; };
		566BCC881DC6602E0043FD41 /* NotificationViewController.swift */ = {isa = PBXFileReference; lastKnownFileType = sourcecode.swift; path = NotificationViewController.swift; sourceTree = "<group>"; };
		566BCC8B1DC6602E0043FD41 /* Base */ = {isa = PBXFileReference; lastKnownFileType = file.storyboard; name = Base; path = Base.lproj/MainInterface.storyboard; sourceTree = "<group>"; };
		566BCC8D1DC6602E0043FD41 /* Info.plist */ = {isa = PBXFileReference; lastKnownFileType = text.plist.xml; path = Info.plist; sourceTree = "<group>"; };
		5670F25C1E2A8ADB00397391 /* UIImageEffects.swift */ = {isa = PBXFileReference; fileEncoding = 4; lastKnownFileType = sourcecode.swift; path = UIImageEffects.swift; sourceTree = "<group>"; };
		56808A781E00C699005C8B10 /* Alamofire.framework */ = {isa = PBXFileReference; lastKnownFileType = wrapper.framework; name = Alamofire.framework; path = "../../../../Developer/Xcode/DerivedData/Radio_Graydon-abwqmetrujqqhrgfyvyarwnqyxdy/Build/Products/Debug-iphonesimulator/Alamofire/Alamofire.framework"; sourceTree = "<group>"; };
		56808A791E00C699005C8B10 /* NightNight.framework */ = {isa = PBXFileReference; lastKnownFileType = wrapper.framework; name = NightNight.framework; path = "Pods/../build/Debug-iphoneos/NightNight/NightNight.framework"; sourceTree = "<group>"; };
		56808A7A1E00C699005C8B10 /* SwiftyJSON.framework */ = {isa = PBXFileReference; lastKnownFileType = wrapper.framework; name = SwiftyJSON.framework; path = "../../../../Developer/Xcode/DerivedData/Radio_Graydon-abwqmetrujqqhrgfyvyarwnqyxdy/Build/Products/Debug-iphonesimulator/SwiftyJSON/SwiftyJSON.framework"; sourceTree = "<group>"; };
		56A371391E0D61DD00D9F9C6 /* DetailTableViewController.swift */ = {isa = PBXFileReference; fileEncoding = 4; lastKnownFileType = sourcecode.swift; path = DetailTableViewController.swift; sourceTree = "<group>"; };
		56A88B171DB10CFD00451B25 /* Images.xcassets */ = {isa = PBXFileReference; lastKnownFileType = folder.assetcatalog; path = Images.xcassets; sourceTree = "<group>"; };
		8F46C92A5472C17D4666558D /* Pods-Radio Graydon.debug.xcconfig */ = {isa = PBXFileReference; includeInIndex = 1; lastKnownFileType = text.xcconfig; name = "Pods-Radio Graydon.debug.xcconfig"; path = "Pods/Target Support Files/Pods-Radio Graydon/Pods-Radio Graydon.debug.xcconfig"; sourceTree = "<group>"; };
		95F39175C10D6476A2FB6F00 /* Pods_Radio_Graydon.framework */ = {isa = PBXFileReference; explicitFileType = wrapper.framework; includeInIndex = 0; path = Pods_Radio_Graydon.framework; sourceTree = BUILT_PRODUCTS_DIR; };
		DED498DA3EB7130A08C971FD /* Pods-Radio Graydon.release.xcconfig */ = {isa = PBXFileReference; includeInIndex = 1; lastKnownFileType = text.xcconfig; name = "Pods-Radio Graydon.release.xcconfig"; path = "Pods/Target Support Files/Pods-Radio Graydon/Pods-Radio Graydon.release.xcconfig"; sourceTree = "<group>"; };
/* End PBXFileReference section */

/* Begin PBXFrameworksBuildPhase section */
		56441BD31DAC30560080F48E /* Frameworks */ = {
			isa = PBXFrameworksBuildPhase;
			buildActionMask = 2147483647;
			files = (
				56808A7B1E00C699005C8B10 /* Alamofire.framework in Frameworks */,
				56808A7D1E00C699005C8B10 /* SwiftyJSON.framework in Frameworks */,
				A2314DF521B24C9C519F93AB /* Pods_Radio_Graydon.framework in Frameworks */,
			);
			runOnlyForDeploymentPostprocessing = 0;
		};
		56441BE91DAC30570080F48E /* Frameworks */ = {
			isa = PBXFrameworksBuildPhase;
			buildActionMask = 2147483647;
			files = (
			);
			runOnlyForDeploymentPostprocessing = 0;
		};
		56441BF41DAC30570080F48E /* Frameworks */ = {
			isa = PBXFrameworksBuildPhase;
			buildActionMask = 2147483647;
			files = (
			);
			runOnlyForDeploymentPostprocessing = 0;
		};
		566BCC7F1DC6602E0043FD41 /* Frameworks */ = {
			isa = PBXFrameworksBuildPhase;
			buildActionMask = 2147483647;
			files = (
				566BCC861DC6602E0043FD41 /* UserNotificationsUI.framework in Frameworks */,
				566BCC841DC6602E0043FD41 /* UserNotifications.framework in Frameworks */,
			);
			runOnlyForDeploymentPostprocessing = 0;
		};
/* End PBXFrameworksBuildPhase section */

/* Begin PBXGroup section */
		56441BCD1DAC30560080F48E = {
			isa = PBXGroup;
			children = (
				56441BD81DAC30560080F48E /* Radio Graydon */,
				56441BEF1DAC30570080F48E /* Radio GraydonTests */,
				56441BFA1DAC30570080F48E /* Radio GraydonUITests */,
				566BCC871DC6602E0043FD41 /* Extension */,
				56441BD71DAC30560080F48E /* Products */,
				5F16D2DAB2835CA74545383C /* Pods */,
				E6574359A3FC44C3800784FD /* Frameworks */,
			);
			sourceTree = "<group>";
		};
		56441BD71DAC30560080F48E /* Products */ = {
			isa = PBXGroup;
			children = (
				56441BD61DAC30560080F48E /* Radio Graydon.app */,
				56441BEC1DAC30570080F48E /* Radio GraydonTests.xctest */,
				56441BF71DAC30570080F48E /* Radio GraydonUITests.xctest */,
				566BCC821DC6602E0043FD41 /* Extension.appex */,
			);
			name = Products;
			sourceTree = "<group>";
		};
		56441BD81DAC30560080F48E /* Radio Graydon */ = {
			isa = PBXGroup;
			children = (
				5670F25C1E2A8ADB00397391 /* UIImageEffects.swift */,
				56441BD91DAC30560080F48E /* AppDelegate.swift */,
				5646E6751DE21F38003C7CDD /* Announcement.swift */,
				56441BDB1DAC30560080F48E /* MasterViewController.swift */,
				56A371391E0D61DD00D9F9C6 /* DetailTableViewController.swift */,
				56441BDF1DAC30560080F48E /* Main.storyboard */,
				56441BE41DAC30560080F48E /* LaunchScreen.storyboard */,
				56441BE71DAC30560080F48E /* Info.plist */,
				56A88B171DB10CFD00451B25 /* Images.xcassets */,
			);
			path = "Radio Graydon";
			sourceTree = "<group>";
		};
		56441BEF1DAC30570080F48E /* Radio GraydonTests */ = {
			isa = PBXGroup;
			children = (
				56441BF01DAC30570080F48E /* Radio_GraydonTests.swift */,
				56441BF21DAC30570080F48E /* Info.plist */,
			);
			path = "Radio GraydonTests";
			sourceTree = "<group>";
		};
		56441BFA1DAC30570080F48E /* Radio GraydonUITests */ = {
			isa = PBXGroup;
			children = (
				56441BFB1DAC30570080F48E /* Radio_GraydonUITests.swift */,
				56441BFD1DAC30570080F48E /* Info.plist */,
			);
			path = "Radio GraydonUITests";
			sourceTree = "<group>";
		};
		566BCC871DC6602E0043FD41 /* Extension */ = {
			isa = PBXGroup;
			children = (
				566BCC881DC6602E0043FD41 /* NotificationViewController.swift */,
				566BCC8A1DC6602E0043FD41 /* MainInterface.storyboard */,
				566BCC8D1DC6602E0043FD41 /* Info.plist */,
			);
			path = Extension;
			sourceTree = "<group>";
		};
		5F16D2DAB2835CA74545383C /* Pods */ = {
			isa = PBXGroup;
			children = (
				8F46C92A5472C17D4666558D /* Pods-Radio Graydon.debug.xcconfig */,
				DED498DA3EB7130A08C971FD /* Pods-Radio Graydon.release.xcconfig */,
			);
			name = Pods;
			sourceTree = "<group>";
		};
		E6574359A3FC44C3800784FD /* Frameworks */ = {
			isa = PBXGroup;
			children = (
				56808A781E00C699005C8B10 /* Alamofire.framework */,
				56808A791E00C699005C8B10 /* NightNight.framework */,
				56808A7A1E00C699005C8B10 /* SwiftyJSON.framework */,
				95F39175C10D6476A2FB6F00 /* Pods_Radio_Graydon.framework */,
				566BCC831DC6602E0043FD41 /* UserNotifications.framework */,
				566BCC851DC6602E0043FD41 /* UserNotificationsUI.framework */,
			);
			name = Frameworks;
			sourceTree = "<group>";
		};
/* End PBXGroup section */

/* Begin PBXNativeTarget section */
		56441BD51DAC30560080F48E /* Radio Graydon */ = {
			isa = PBXNativeTarget;
			buildConfigurationList = 56441C001DAC30570080F48E /* Build configuration list for PBXNativeTarget "Radio Graydon" */;
			buildPhases = (
				150DFC8B19D117622C5D40B9 /* [CP] Check Pods Manifest.lock */,
				56441BD21DAC30560080F48E /* Sources */,
				56441BD31DAC30560080F48E /* Frameworks */,
				56441BD41DAC30560080F48E /* Resources */,
				A5FCFDB339A6A2F12BA61FAE /* [CP] Embed Pods Frameworks */,
				0DC788993852EE427C30C3E7 /* [CP] Copy Pods Resources */,
				566BCC941DC6602E0043FD41 /* Embed App Extensions */,
				56DF1E341DE3D8EA009D5243 /* Run Script */,
			);
			buildRules = (
			);
			dependencies = (
				566BCC8F1DC6602E0043FD41 /* PBXTargetDependency */,
			);
			name = "Radio Graydon";
			productName = "Radio Graydon";
			productReference = 56441BD61DAC30560080F48E /* Radio Graydon.app */;
			productType = "com.apple.product-type.application";
		};
		56441BEB1DAC30570080F48E /* Radio GraydonTests */ = {
			isa = PBXNativeTarget;
			buildConfigurationList = 56441C031DAC30570080F48E /* Build configuration list for PBXNativeTarget "Radio GraydonTests" */;
			buildPhases = (
				56441BE81DAC30570080F48E /* Sources */,
				56441BE91DAC30570080F48E /* Frameworks */,
				56441BEA1DAC30570080F48E /* Resources */,
			);
			buildRules = (
			);
			dependencies = (
				56441BEE1DAC30570080F48E /* PBXTargetDependency */,
			);
			name = "Radio GraydonTests";
			productName = "Radio GraydonTests";
			productReference = 56441BEC1DAC30570080F48E /* Radio GraydonTests.xctest */;
			productType = "com.apple.product-type.bundle.unit-test";
		};
		56441BF61DAC30570080F48E /* Radio GraydonUITests */ = {
			isa = PBXNativeTarget;
			buildConfigurationList = 56441C061DAC30570080F48E /* Build configuration list for PBXNativeTarget "Radio GraydonUITests" */;
			buildPhases = (
				56441BF31DAC30570080F48E /* Sources */,
				56441BF41DAC30570080F48E /* Frameworks */,
				56441BF51DAC30570080F48E /* Resources */,
			);
			buildRules = (
			);
			dependencies = (
				56441BF91DAC30570080F48E /* PBXTargetDependency */,
			);
			name = "Radio GraydonUITests";
			productName = "Radio GraydonUITests";
			productReference = 56441BF71DAC30570080F48E /* Radio GraydonUITests.xctest */;
			productType = "com.apple.product-type.bundle.ui-testing";
		};
		566BCC811DC6602E0043FD41 /* Extension */ = {
			isa = PBXNativeTarget;
			buildConfigurationList = 566BCC931DC6602E0043FD41 /* Build configuration list for PBXNativeTarget "Extension" */;
			buildPhases = (
				566BCC7E1DC6602E0043FD41 /* Sources */,
				566BCC7F1DC6602E0043FD41 /* Frameworks */,
				566BCC801DC6602E0043FD41 /* Resources */,
			);
			buildRules = (
			);
			dependencies = (
			);
			name = Extension;
			productName = Extension;
			productReference = 566BCC821DC6602E0043FD41 /* Extension.appex */;
			productType = "com.apple.product-type.app-extension";
		};
/* End PBXNativeTarget section */

/* Begin PBXProject section */
		56441BCE1DAC30560080F48E /* Project object */ = {
			isa = PBXProject;
			attributes = {
				LastSwiftUpdateCheck = 0810;
				LastUpgradeCheck = 0800;
				ORGANIZATIONNAME = "Omar Abbasi";
				TargetAttributes = {
					56441BD51DAC30560080F48E = {
						CreatedOnToolsVersion = 8.0;
						DevelopmentTeam = NU9CBG8KLT;
						ProvisioningStyle = Automatic;
					};
					56441BEB1DAC30570080F48E = {
						CreatedOnToolsVersion = 8.0;
						DevelopmentTeam = NU9CBG8KLT;
						ProvisioningStyle = Automatic;
						TestTargetID = 56441BD51DAC30560080F48E;
					};
					56441BF61DAC30570080F48E = {
						CreatedOnToolsVersion = 8.0;
						DevelopmentTeam = NU9CBG8KLT;
						ProvisioningStyle = Automatic;
						TestTargetID = 56441BD51DAC30560080F48E;
					};
					566BCC811DC6602E0043FD41 = {
						CreatedOnToolsVersion = 8.1;
						DevelopmentTeam = NU9CBG8KLT;
						ProvisioningStyle = Automatic;
					};
				};
			};
			buildConfigurationList = 56441BD11DAC30560080F48E /* Build configuration list for PBXProject "Radio Graydon" */;
			compatibilityVersion = "Xcode 3.2";
			developmentRegion = English;
			hasScannedForEncodings = 0;
			knownRegions = (
				en,
				Base,
			);
			mainGroup = 56441BCD1DAC30560080F48E;
			productRefGroup = 56441BD71DAC30560080F48E /* Products */;
			projectDirPath = "";
			projectRoot = "";
			targets = (
				56441BD51DAC30560080F48E /* Radio Graydon */,
				56441BEB1DAC30570080F48E /* Radio GraydonTests */,
				56441BF61DAC30570080F48E /* Radio GraydonUITests */,
				566BCC811DC6602E0043FD41 /* Extension */,
			);
		};
/* End PBXProject section */

/* Begin PBXResourcesBuildPhase section */
		56441BD41DAC30560080F48E /* Resources */ = {
			isa = PBXResourcesBuildPhase;
			buildActionMask = 2147483647;
			files = (
				56A88B181DB10CFD00451B25 /* Images.xcassets in Resources */,
				56441BE61DAC30560080F48E /* LaunchScreen.storyboard in Resources */,
				56441BE11DAC30560080F48E /* Main.storyboard in Resources */,
			);
			runOnlyForDeploymentPostprocessing = 0;
		};
		56441BEA1DAC30570080F48E /* Resources */ = {
			isa = PBXResourcesBuildPhase;
			buildActionMask = 2147483647;
			files = (
			);
			runOnlyForDeploymentPostprocessing = 0;
		};
		56441BF51DAC30570080F48E /* Resources */ = {
			isa = PBXResourcesBuildPhase;
			buildActionMask = 2147483647;
			files = (
			);
			runOnlyForDeploymentPostprocessing = 0;
		};
		566BCC801DC6602E0043FD41 /* Resources */ = {
			isa = PBXResourcesBuildPhase;
			buildActionMask = 2147483647;
			files = (
				566BCC8C1DC6602E0043FD41 /* MainInterface.storyboard in Resources */,
			);
			runOnlyForDeploymentPostprocessing = 0;
		};
/* End PBXResourcesBuildPhase section */

/* Begin PBXShellScriptBuildPhase section */
		0DC788993852EE427C30C3E7 /* [CP] Copy Pods Resources */ = {
			isa = PBXShellScriptBuildPhase;
			buildActionMask = 2147483647;
			files = (
			);
			inputPaths = (
			);
			name = "[CP] Copy Pods Resources";
			outputPaths = (
			);
			runOnlyForDeploymentPostprocessing = 0;
			shellPath = /bin/sh;
			shellScript = "\"${SRCROOT}/Pods/Target Support Files/Pods-Radio Graydon/Pods-Radio Graydon-resources.sh\"\n";
			showEnvVarsInLog = 0;
		};
		150DFC8B19D117622C5D40B9 /* [CP] Check Pods Manifest.lock */ = {
			isa = PBXShellScriptBuildPhase;
			buildActionMask = 2147483647;
			files = (
			);
			inputPaths = (
			);
			name = "[CP] Check Pods Manifest.lock";
			outputPaths = (
			);
			runOnlyForDeploymentPostprocessing = 0;
			shellPath = /bin/sh;
			shellScript = "diff \"${PODS_ROOT}/../Podfile.lock\" \"${PODS_ROOT}/Manifest.lock\" > /dev/null\nif [ $? != 0 ] ; then\n    # print error to STDERR\n    echo \"error: The sandbox is not in sync with the Podfile.lock. Run 'pod install' or update your CocoaPods installation.\" >&2\n    exit 1\nfi\n";
			showEnvVarsInLog = 0;
		};
		56DF1E341DE3D8EA009D5243 /* Run Script */ = {
			isa = PBXShellScriptBuildPhase;
			buildActionMask = 2147483647;
			files = (
			);
			inputPaths = (
			);
			name = "Run Script";
			outputPaths = (
			);
			runOnlyForDeploymentPostprocessing = 0;
			shellPath = /bin/sh;
			shellScript = "FILE=\"${SRCROOT}/HockeySDK-iOS/BuildAgent\"\nif [ -f \"$FILE\" ]; then\n\"$FILE\"\nfi";
		};
		A5FCFDB339A6A2F12BA61FAE /* [CP] Embed Pods Frameworks */ = {
			isa = PBXShellScriptBuildPhase;
			buildActionMask = 2147483647;
			files = (
			);
			inputPaths = (
			);
			name = "[CP] Embed Pods Frameworks";
			outputPaths = (
			);
			runOnlyForDeploymentPostprocessing = 0;
			shellPath = /bin/sh;
			shellScript = "\"${SRCROOT}/Pods/Target Support Files/Pods-Radio Graydon/Pods-Radio Graydon-frameworks.sh\"\n";
			showEnvVarsInLog = 0;
		};
/* End PBXShellScriptBuildPhase section */

/* Begin PBXSourcesBuildPhase section */
		56441BD21DAC30560080F48E /* Sources */ = {
			isa = PBXSourcesBuildPhase;
			buildActionMask = 2147483647;
			files = (
				5670F25D1E2A8ADB00397391 /* UIImageEffects.swift in Sources */,
				5646E6761DE21F38003C7CDD /* Announcement.swift in Sources */,
				56A3713A1E0D61DD00D9F9C6 /* DetailTableViewController.swift in Sources */,
				56441BDC1DAC30560080F48E /* MasterViewController.swift in Sources */,
				56441BDA1DAC30560080F48E /* AppDelegate.swift in Sources */,
			);
			runOnlyForDeploymentPostprocessing = 0;
		};
		56441BE81DAC30570080F48E /* Sources */ = {
			isa = PBXSourcesBuildPhase;
			buildActionMask = 2147483647;
			files = (
				56441BF11DAC30570080F48E /* Radio_GraydonTests.swift in Sources */,
			);
			runOnlyForDeploymentPostprocessing = 0;
		};
		56441BF31DAC30570080F48E /* Sources */ = {
			isa = PBXSourcesBuildPhase;
			buildActionMask = 2147483647;
			files = (
				56441BFC1DAC30570080F48E /* Radio_GraydonUITests.swift in Sources */,
			);
			runOnlyForDeploymentPostprocessing = 0;
		};
		566BCC7E1DC6602E0043FD41 /* Sources */ = {
			isa = PBXSourcesBuildPhase;
			buildActionMask = 2147483647;
			files = (
				566BCC891DC6602E0043FD41 /* NotificationViewController.swift in Sources */,
			);
			runOnlyForDeploymentPostprocessing = 0;
		};
/* End PBXSourcesBuildPhase section */

/* Begin PBXTargetDependency section */
		56441BEE1DAC30570080F48E /* PBXTargetDependency */ = {
			isa = PBXTargetDependency;
			target = 56441BD51DAC30560080F48E /* Radio Graydon */;
			targetProxy = 56441BED1DAC30570080F48E /* PBXContainerItemProxy */;
		};
		56441BF91DAC30570080F48E /* PBXTargetDependency */ = {
			isa = PBXTargetDependency;
			target = 56441BD51DAC30560080F48E /* Radio Graydon */;
			targetProxy = 56441BF81DAC30570080F48E /* PBXContainerItemProxy */;
		};
		566BCC8F1DC6602E0043FD41 /* PBXTargetDependency */ = {
			isa = PBXTargetDependency;
			target = 566BCC811DC6602E0043FD41 /* Extension */;
			targetProxy = 566BCC8E1DC6602E0043FD41 /* PBXContainerItemProxy */;
		};
/* End PBXTargetDependency section */

/* Begin PBXVariantGroup section */
		56441BDF1DAC30560080F48E /* Main.storyboard */ = {
			isa = PBXVariantGroup;
			children = (
				56441BE01DAC30560080F48E /* Base */,
			);
			name = Main.storyboard;
			sourceTree = "<group>";
		};
		56441BE41DAC30560080F48E /* LaunchScreen.storyboard */ = {
			isa = PBXVariantGroup;
			children = (
				56441BE51DAC30560080F48E /* Base */,
			);
			name = LaunchScreen.storyboard;
			sourceTree = "<group>";
		};
		566BCC8A1DC6602E0043FD41 /* MainInterface.storyboard */ = {
			isa = PBXVariantGroup;
			children = (
				566BCC8B1DC6602E0043FD41 /* Base */,
			);
			name = MainInterface.storyboard;
			sourceTree = "<group>";
		};
/* End PBXVariantGroup section */

/* Begin XCBuildConfiguration section */
		56441BFE1DAC30570080F48E /* Debug */ = {
			isa = XCBuildConfiguration;
			buildSettings = {
				ALWAYS_SEARCH_USER_PATHS = NO;
				CLANG_ANALYZER_NONNULL = YES;
				CLANG_CXX_LANGUAGE_STANDARD = "gnu++0x";
				CLANG_CXX_LIBRARY = "libc++";
				CLANG_ENABLE_MODULES = YES;
				CLANG_ENABLE_OBJC_ARC = YES;
				CLANG_WARN_BOOL_CONVERSION = YES;
				CLANG_WARN_CONSTANT_CONVERSION = YES;
				CLANG_WARN_DIRECT_OBJC_ISA_USAGE = YES_ERROR;
				CLANG_WARN_DOCUMENTATION_COMMENTS = YES;
				CLANG_WARN_EMPTY_BODY = YES;
				CLANG_WARN_ENUM_CONVERSION = YES;
				CLANG_WARN_INFINITE_RECURSION = YES;
				CLANG_WARN_INT_CONVERSION = YES;
				CLANG_WARN_OBJC_ROOT_CLASS = YES_ERROR;
				CLANG_WARN_SUSPICIOUS_MOVES = YES;
				CLANG_WARN_UNREACHABLE_CODE = YES;
				CLANG_WARN__DUPLICATE_METHOD_MATCH = YES;
				"CODE_SIGN_IDENTITY[sdk=iphoneos*]" = "iPhone Developer";
				COPY_PHASE_STRIP = NO;
				DEBUG_INFORMATION_FORMAT = dwarf;
				ENABLE_STRICT_OBJC_MSGSEND = YES;
				ENABLE_TESTABILITY = YES;
				GCC_C_LANGUAGE_STANDARD = gnu99;
				GCC_DYNAMIC_NO_PIC = NO;
				GCC_NO_COMMON_BLOCKS = YES;
				GCC_OPTIMIZATION_LEVEL = 0;
				GCC_PREPROCESSOR_DEFINITIONS = (
					"DEBUG=1",
					"$(inherited)",
				);
				GCC_WARN_64_TO_32_BIT_CONVERSION = YES;
				GCC_WARN_ABOUT_RETURN_TYPE = YES_ERROR;
				GCC_WARN_UNDECLARED_SELECTOR = YES;
				GCC_WARN_UNINITIALIZED_AUTOS = YES_AGGRESSIVE;
				GCC_WARN_UNUSED_FUNCTION = YES;
				GCC_WARN_UNUSED_VARIABLE = YES;
				IPHONEOS_DEPLOYMENT_TARGET = 10.0;
				MTL_ENABLE_DEBUG_INFO = YES;
				ONLY_ACTIVE_ARCH = YES;
				SDKROOT = iphoneos;
				SWIFT_ACTIVE_COMPILATION_CONDITIONS = DEBUG;
				SWIFT_OPTIMIZATION_LEVEL = "-Onone";
				TARGETED_DEVICE_FAMILY = "1,2";
			};
			name = Debug;
		};
		56441BFF1DAC30570080F48E /* Release */ = {
			isa = XCBuildConfiguration;
			buildSettings = {
				ALWAYS_SEARCH_USER_PATHS = NO;
				CLANG_ANALYZER_NONNULL = YES;
				CLANG_CXX_LANGUAGE_STANDARD = "gnu++0x";
				CLANG_CXX_LIBRARY = "libc++";
				CLANG_ENABLE_MODULES = YES;
				CLANG_ENABLE_OBJC_ARC = YES;
				CLANG_WARN_BOOL_CONVERSION = YES;
				CLANG_WARN_CONSTANT_CONVERSION = YES;
				CLANG_WARN_DIRECT_OBJC_ISA_USAGE = YES_ERROR;
				CLANG_WARN_DOCUMENTATION_COMMENTS = YES;
				CLANG_WARN_EMPTY_BODY = YES;
				CLANG_WARN_ENUM_CONVERSION = YES;
				CLANG_WARN_INFINITE_RECURSION = YES;
				CLANG_WARN_INT_CONVERSION = YES;
				CLANG_WARN_OBJC_ROOT_CLASS = YES_ERROR;
				CLANG_WARN_SUSPICIOUS_MOVES = YES;
				CLANG_WARN_UNREACHABLE_CODE = YES;
				CLANG_WARN__DUPLICATE_METHOD_MATCH = YES;
				"CODE_SIGN_IDENTITY[sdk=iphoneos*]" = "iPhone Developer";
				COPY_PHASE_STRIP = NO;
				DEBUG_INFORMATION_FORMAT = "dwarf-with-dsym";
				ENABLE_NS_ASSERTIONS = NO;
				ENABLE_STRICT_OBJC_MSGSEND = YES;
				GCC_C_LANGUAGE_STANDARD = gnu99;
				GCC_NO_COMMON_BLOCKS = YES;
				GCC_WARN_64_TO_32_BIT_CONVERSION = YES;
				GCC_WARN_ABOUT_RETURN_TYPE = YES_ERROR;
				GCC_WARN_UNDECLARED_SELECTOR = YES;
				GCC_WARN_UNINITIALIZED_AUTOS = YES_AGGRESSIVE;
				GCC_WARN_UNUSED_FUNCTION = YES;
				GCC_WARN_UNUSED_VARIABLE = YES;
				IPHONEOS_DEPLOYMENT_TARGET = 10.0;
				MTL_ENABLE_DEBUG_INFO = NO;
				SDKROOT = iphoneos;
				SWIFT_OPTIMIZATION_LEVEL = "-Owholemodule";
				TARGETED_DEVICE_FAMILY = "1,2";
				VALIDATE_PRODUCT = YES;
			};
			name = Release;
		};
		56441C011DAC30570080F48E /* Debug */ = {
			isa = XCBuildConfiguration;
			baseConfigurationReference = 8F46C92A5472C17D4666558D /* Pods-Radio Graydon.debug.xcconfig */;
			buildSettings = {
				ALWAYS_EMBED_SWIFT_STANDARD_LIBRARIES = YES;
				ASSETCATALOG_COMPILER_APPICON_NAME = AppIcon;
				DEVELOPMENT_TEAM = NU9CBG8KLT;
				FRAMEWORK_SEARCH_PATHS = (
					"$(inherited)",
					"$(PROJECT_DIR)/build/Debug-iphoneos/NightNight",
				);
				INFOPLIST_FILE = "Radio Graydon/Info.plist";
				IPHONEOS_DEPLOYMENT_TARGET = 9.0;
				LD_RUNPATH_SEARCH_PATHS = "$(inherited) @executable_path/Frameworks";
				PRODUCT_BUNDLE_IDENTIFIER = com.carol.radiograydon;
				PRODUCT_NAME = "$(TARGET_NAME)";
				SWIFT_VERSION = 3.0;
				TARGETED_DEVICE_FAMILY = "1,2";
			};
			name = Debug;
		};
		56441C021DAC30570080F48E /* Release */ = {
			isa = XCBuildConfiguration;
			baseConfigurationReference = DED498DA3EB7130A08C971FD /* Pods-Radio Graydon.release.xcconfig */;
			buildSettings = {
				ALWAYS_EMBED_SWIFT_STANDARD_LIBRARIES = YES;
				ASSETCATALOG_COMPILER_APPICON_NAME = AppIcon;
				DEVELOPMENT_TEAM = NU9CBG8KLT;
				FRAMEWORK_SEARCH_PATHS = (
					"$(inherited)",
					"$(PROJECT_DIR)/build/Debug-iphoneos/NightNight",
				);
				INFOPLIST_FILE = "Radio Graydon/Info.plist";
				IPHONEOS_DEPLOYMENT_TARGET = 9.0;
				LD_RUNPATH_SEARCH_PATHS = "$(inherited) @executable_path/Frameworks";
				PRODUCT_BUNDLE_IDENTIFIER = com.carol.radiograydon;
				PRODUCT_NAME = "$(TARGET_NAME)";
				SWIFT_VERSION = 3.0;
				TARGETED_DEVICE_FAMILY = "1,2";
			};
			name = Release;
		};
		56441C041DAC30570080F48E /* Debug */ = {
			isa = XCBuildConfiguration;
			buildSettings = {
				ALWAYS_EMBED_SWIFT_STANDARD_LIBRARIES = YES;
				BUNDLE_LOADER = "$(TEST_HOST)";
				DEVELOPMENT_TEAM = NU9CBG8KLT;
				INFOPLIST_FILE = "Radio GraydonTests/Info.plist";
				LD_RUNPATH_SEARCH_PATHS = "$(inherited) @executable_path/Frameworks @loader_path/Frameworks";
				PRODUCT_BUNDLE_IDENTIFIER = "com.omar.Radio-GraydonTests";
				PRODUCT_NAME = "$(TARGET_NAME)";
				SWIFT_VERSION = 3.0;
				TEST_HOST = "$(BUILT_PRODUCTS_DIR)/Radio Graydon.app/Radio Graydon";
			};
			name = Debug;
		};
		56441C051DAC30570080F48E /* Release */ = {
			isa = XCBuildConfiguration;
			buildSettings = {
				ALWAYS_EMBED_SWIFT_STANDARD_LIBRARIES = YES;
				BUNDLE_LOADER = "$(TEST_HOST)";
				DEVELOPMENT_TEAM = NU9CBG8KLT;
				INFOPLIST_FILE = "Radio GraydonTests/Info.plist";
				LD_RUNPATH_SEARCH_PATHS = "$(inherited) @executable_path/Frameworks @loader_path/Frameworks";
				PRODUCT_BUNDLE_IDENTIFIER = "com.omar.Radio-GraydonTests";
				PRODUCT_NAME = "$(TARGET_NAME)";
				SWIFT_VERSION = 3.0;
				TEST_HOST = "$(BUILT_PRODUCTS_DIR)/Radio Graydon.app/Radio Graydon";
			};
			name = Release;
		};
		56441C071DAC30570080F48E /* Debug */ = {
			isa = XCBuildConfiguration;
			buildSettings = {
				ALWAYS_EMBED_SWIFT_STANDARD_LIBRARIES = YES;
				DEVELOPMENT_TEAM = NU9CBG8KLT;
				INFOPLIST_FILE = "Radio GraydonUITests/Info.plist";
				LD_RUNPATH_SEARCH_PATHS = "$(inherited) @executable_path/Frameworks @loader_path/Frameworks";
				PRODUCT_BUNDLE_IDENTIFIER = "com.omar.Radio-GraydonUITests";
				PRODUCT_NAME = "$(TARGET_NAME)";
				SWIFT_VERSION = 3.0;
				TEST_TARGET_NAME = "Radio Graydon";
			};
			name = Debug;
		};
		56441C081DAC30570080F48E /* Release */ = {
			isa = XCBuildConfiguration;
			buildSettings = {
				ALWAYS_EMBED_SWIFT_STANDARD_LIBRARIES = YES;
				DEVELOPMENT_TEAM = NU9CBG8KLT;
				INFOPLIST_FILE = "Radio GraydonUITests/Info.plist";
				LD_RUNPATH_SEARCH_PATHS = "$(inherited) @executable_path/Frameworks @loader_path/Frameworks";
				PRODUCT_BUNDLE_IDENTIFIER = "com.omar.Radio-GraydonUITests";
				PRODUCT_NAME = "$(TARGET_NAME)";
				SWIFT_VERSION = 3.0;
				TEST_TARGET_NAME = "Radio Graydon";
			};
			name = Release;
		};
		566BCC911DC6602E0043FD41 /* Debug */ = {
			isa = XCBuildConfiguration;
			buildSettings = {
				DEVELOPMENT_TEAM = NU9CBG8KLT;
				INFOPLIST_FILE = Extension/Info.plist;
				IPHONEOS_DEPLOYMENT_TARGET = 10.1;
				LD_RUNPATH_SEARCH_PATHS = "$(inherited) @executable_path/Frameworks @executable_path/../../Frameworks";
				PRODUCT_BUNDLE_IDENTIFIER = com.carol.radiograydon.Extension;
				PRODUCT_NAME = "$(TARGET_NAME)";
				SKIP_INSTALL = YES;
				SWIFT_VERSION = 3.0;
			};
			name = Debug;
		};
		566BCC921DC6602E0043FD41 /* Release */ = {
			isa = XCBuildConfiguration;
			buildSettings = {
				DEVELOPMENT_TEAM = NU9CBG8KLT;
				INFOPLIST_FILE = Extension/Info.plist;
				IPHONEOS_DEPLOYMENT_TARGET = 10.1;
				LD_RUNPATH_SEARCH_PATHS = "$(inherited) @executable_path/Frameworks @executable_path/../../Frameworks";
				PRODUCT_BUNDLE_IDENTIFIER = com.carol.radiograydon.Extension;
				PRODUCT_NAME = "$(TARGET_NAME)";
				SKIP_INSTALL = YES;
				SWIFT_VERSION = 3.0;
			};
			name = Release;
		};
/* End XCBuildConfiguration section */

/* Begin XCConfigurationList section */
		56441BD11DAC30560080F48E /* Build configuration list for PBXProject "Radio Graydon" */ = {
			isa = XCConfigurationList;
			buildConfigurations = (
				56441BFE1DAC30570080F48E /* Debug */,
				56441BFF1DAC30570080F48E /* Release */,
			);
			defaultConfigurationIsVisible = 0;
			defaultConfigurationName = Release;
		};
		56441C001DAC30570080F48E /* Build configuration list for PBXNativeTarget "Radio Graydon" */ = {
			isa = XCConfigurationList;
			buildConfigurations = (
				56441C011DAC30570080F48E /* Debug */,
				56441C021DAC30570080F48E /* Release */,
			);
			defaultConfigurationIsVisible = 0;
			defaultConfigurationName = Release;
		};
		56441C031DAC30570080F48E /* Build configuration list for PBXNativeTarget "Radio GraydonTests" */ = {
			isa = XCConfigurationList;
			buildConfigurations = (
				56441C041DAC30570080F48E /* Debug */,
				56441C051DAC30570080F48E /* Release */,
			);
			defaultConfigurationIsVisible = 0;
			defaultConfigurationName = Release;
		};
		56441C061DAC30570080F48E /* Build configuration list for PBXNativeTarget "Radio GraydonUITests" */ = {
			isa = XCConfigurationList;
			buildConfigurations = (
				56441C071DAC30570080F48E /* Debug */,
				56441C081DAC30570080F48E /* Release */,
			);
			defaultConfigurationIsVisible = 0;
			defaultConfigurationName = Release;
		};
		566BCC931DC6602E0043FD41 /* Build configuration list for PBXNativeTarget "Extension" */ = {
			isa = XCConfigurationList;
			buildConfigurations = (
				566BCC911DC6602E0043FD41 /* Debug */,
				566BCC921DC6602E0043FD41 /* Release */,
			);
			defaultConfigurationIsVisible = 0;
			defaultConfigurationName = Release;
		};
/* End XCConfigurationList section */
	};
	rootObject = 56441BCE1DAC30560080F48E /* Project object */;
}
